
Microsoft Visual Studio Solution File, Format Version 12.00
# Visual Studio Version 17
VisualStudioVersion = 17.3.32811.315
MinimumVisualStudioVersion = 10.0.40219.1
Project("{FAE04EC0-301F-11D3-BF4B-00C04F79EFBC}") = "PasswordManager", "PasswordManager\PasswordManager.csproj", "{80A8E6DB-902E-4BC4-A0BD-E70A0F73A312}"
EndProject
Project("{2150E333-8FDC-42A3-9474-1A3956D46DE8}") = "Backend", "Backend", "{28B87D4F-2792-4285-B56C-A42D465D2736}"
EndProject
Project("{2150E333-8FDC-42A3-9474-1A3956D46DE8}") = "WebAPI", "WebAPI", "{C48FF8A3-1C63-4BC0-96BB-A2AA6C42E6F3}"
EndProject
Project("{2150E333-8FDC-42A3-9474-1A3956D46DE8}") = "Frontend", "Frontend", "{D5CB9487-E933-41B2-AA7E-9ECC377928EE}"
EndProject
Global
	GlobalSection(SolutionConfigurationPlatforms) = preSolution
		Debug|Any CPU = Debug|Any CPU
		Release|Any CPU = Release|Any CPU
	EndGlobalSection
	GlobalSection(ProjectConfigurationPlatforms) = postSolution
		{80A8E6DB-902E-4BC4-A0BD-E70A0F73A312}.Debug|Any CPU.ActiveCfg = Debug|Any CPU
		{80A8E6DB-902E-4BC4-A0BD-E70A0F73A312}.Debug|Any CPU.Build.0 = Debug|Any CPU
		{80A8E6DB-902E-4BC4-A0BD-E70A0F73A312}.Release|Any CPU.ActiveCfg = Release|Any CPU
		{80A8E6DB-902E-4BC4-A0BD-E70A0F73A312}.Release|Any CPU.Build.0 = Release|Any CPU
	EndGlobalSection
	GlobalSection(SolutionProperties) = preSolution
		HideSolutionNode = FALSE
	EndGlobalSection
	GlobalSection(NestedProjects) = preSolution
		{80A8E6DB-902E-4BC4-A0BD-E70A0F73A312} = {C48FF8A3-1C63-4BC0-96BB-A2AA6C42E6F3}
		{C48FF8A3-1C63-4BC0-96BB-A2AA6C42E6F3} = {28B87D4F-2792-4285-B56C-A42D465D2736}
	EndGlobalSection
	GlobalSection(ExtensibilityGlobals) = postSolution
		SolutionGuid = {9D7DC440-FCB3-4EC7-8863-4BB359EFA482}
	EndGlobalSection
EndGlobal
